
Microsoft Visual Studio Solution File, Format Version 12.00
# Visual Studio 15
Project("{FAE04EC0-301F-11D3-BF4B-00C04F79EFBC}") = "Assembly-CSharp-Editor", "Assembly-CSharp-Editor.csproj", "{86A56E52-DE11-2E39-4D52-5ABF1C206398}"
EndProject
Project("{FAE04EC0-301F-11D3-BF4B-00C04F79EFBC}") = "Assembly-CSharp", "Assembly-CSharp.csproj", "{BC680E88-2631-6F65-AB9B-AB747038B524}"
EndProject
Global
	GlobalSection(SolutionConfigurationPlatforms) = preSolution
		Debug|Any CPU = Debug|Any CPU
		Release|Any CPU = Release|Any CPU
	EndGlobalSection
	GlobalSection(ProjectConfigurationPlatforms) = postSolution
		{86A56E52-DE11-2E39-4D52-5ABF1C206398}.Debug|Any CPU.ActiveCfg = Debug|Any CPU
		{86A56E52-DE11-2E39-4D52-5ABF1C206398}.Debug|Any CPU.Build.0 = Debug|Any CPU
		{86A56E52-DE11-2E39-4D52-5ABF1C206398}.Release|Any CPU.ActiveCfg = Release|Any CPU
		{86A56E52-DE11-2E39-4D52-5ABF1C206398}.Release|Any CPU.Build.0 = Release|Any CPU
		{BC680E88-2631-6F65-AB9B-AB747038B524}.Debug|Any CPU.ActiveCfg = Debug|Any CPU
		{BC680E88-2631-6F65-AB9B-AB747038B524}.Debug|Any CPU.Build.0 = Debug|Any CPU
		{BC680E88-2631-6F65-AB9B-AB747038B524}.Release|Any CPU.ActiveCfg = Release|Any CPU
		{BC680E88-2631-6F65-AB9B-AB747038B524}.Release|Any CPU.Build.0 = Release|Any CPU
	EndGlobalSection
	GlobalSection(SolutionProperties) = preSolution
		HideSolutionNode = FALSE
	EndGlobalSection
EndGlobal
